
Microsoft Visual Studio Solution File, Format Version 12.00
# Visual Studio 15
Project("{FAE04EC0-301F-11D3-BF4B-00C04F79EFBC}") = "AstarPathfindingProject", "AstarPathfindingProject.csproj", "{7791E359-7E57-6B2B-E58C-4DC5A1E19D5C}"
EndProject
Project("{FAE04EC0-301F-11D3-BF4B-00C04F79EFBC}") = "Assembly-CSharp", "Assembly-CSharp.csproj", "{77FECFC7-F797-FC83-5800-92F655706920}"
EndProject
Project("{FAE04EC0-301F-11D3-BF4B-00C04F79EFBC}") = "AstarPathfindingProjectEditor", "AstarPathfindingProjectEditor.csproj", "{CA63EA31-9A86-5E03-18E5-08FB82FC9B69}"
EndProject
Project("{FAE04EC0-301F-11D3-BF4B-00C04F79EFBC}") = "PackageToolsEditor", "PackageToolsEditor.csproj", "{DF010990-4AF6-AB04-701C-7C5DD461E9A1}"
EndProject
Global
	GlobalSection(SolutionConfigurationPlatforms) = preSolution
		Debug|Any CPU = Debug|Any CPU
		Release|Any CPU = Release|Any CPU
	EndGlobalSection
	GlobalSection(ProjectConfigurationPlatforms) = postSolution
		{7791E359-7E57-6B2B-E58C-4DC5A1E19D5C}.Debug|Any CPU.ActiveCfg = Debug|Any CPU
		{7791E359-7E57-6B2B-E58C-4DC5A1E19D5C}.Debug|Any CPU.Build.0 = Debug|Any CPU
		{7791E359-7E57-6B2B-E58C-4DC5A1E19D5C}.Release|Any CPU.ActiveCfg = Release|Any CPU
		{7791E359-7E57-6B2B-E58C-4DC5A1E19D5C}.Release|Any CPU.Build.0 = Release|Any CPU
		{77FECFC7-F797-FC83-5800-92F655706920}.Debug|Any CPU.ActiveCfg = Debug|Any CPU
		{77FECFC7-F797-FC83-5800-92F655706920}.Debug|Any CPU.Build.0 = Debug|Any CPU
		{77FECFC7-F797-FC83-5800-92F655706920}.Release|Any CPU.ActiveCfg = Release|Any CPU
		{77FECFC7-F797-FC83-5800-92F655706920}.Release|Any CPU.Build.0 = Release|Any CPU
		{CA63EA31-9A86-5E03-18E5-08FB82FC9B69}.Debug|Any CPU.ActiveCfg = Debug|Any CPU
		{CA63EA31-9A86-5E03-18E5-08FB82FC9B69}.Debug|Any CPU.Build.0 = Debug|Any CPU
		{CA63EA31-9A86-5E03-18E5-08FB82FC9B69}.Release|Any CPU.ActiveCfg = Release|Any CPU
		{CA63EA31-9A86-5E03-18E5-08FB82FC9B69}.Release|Any CPU.Build.0 = Release|Any CPU
		{DF010990-4AF6-AB04-701C-7C5DD461E9A1}.Debug|Any CPU.ActiveCfg = Debug|Any CPU
		{DF010990-4AF6-AB04-701C-7C5DD461E9A1}.Debug|Any CPU.Build.0 = Debug|Any CPU
		{DF010990-4AF6-AB04-701C-7C5DD461E9A1}.Release|Any CPU.ActiveCfg = Release|Any CPU
		{DF010990-4AF6-AB04-701C-7C5DD461E9A1}.Release|Any CPU.Build.0 = Release|Any CPU
	EndGlobalSection
	GlobalSection(SolutionProperties) = preSolution
		HideSolutionNode = FALSE
	EndGlobalSection
EndGlobal
